
Microsoft Visual Studio Solution File, Format Version 12.00
# Visual Studio 15
VisualStudioVersion = 15.0.27130.2027
MinimumVisualStudioVersion = 10.0.40219.1
Project("{FAE04EC0-301F-11D3-BF4B-00C04F79EFBC}") = "MouseTrap", "MouseTrap\MouseTrap.csproj", "{91B4EFAD-03D5-402B-8747-31DCAA14D6BA}"
EndProject
Global
	GlobalSection(SolutionConfigurationPlatforms) = preSolution
		Debug|Any CPU = Debug|Any CPU
		Release|Any CPU = Release|Any CPU
	EndGlobalSection
	GlobalSection(ProjectConfigurationPlatforms) = postSolution
		{91B4EFAD-03D5-402B-8747-31DCAA14D6BA}.Debug|Any CPU.ActiveCfg = Debug|Any CPU
		{91B4EFAD-03D5-402B-8747-31DCAA14D6BA}.Debug|Any CPU.Build.0 = Debug|Any CPU
		{91B4EFAD-03D5-402B-8747-31DCAA14D6BA}.Release|Any CPU.ActiveCfg = Release|Any CPU
		{91B4EFAD-03D5-402B-8747-31DCAA14D6BA}.Release|Any CPU.Build.0 = Release|Any CPU
	EndGlobalSection
	GlobalSection(SolutionProperties) = preSolution
		HideSolutionNode = FALSE
	EndGlobalSection
	GlobalSection(ExtensibilityGlobals) = postSolution
		SolutionGuid = {76DAB342-FD6D-4333-BD81-1066182392C4}
	EndGlobalSection
EndGlobal
